
Microsoft Visual Studio Solution File, Format Version 12.00
# Visual Studio Version 17
VisualStudioVersion = 17.13.35919.96 d17.13
MinimumVisualStudioVersion = 10.0.40219.1
Project("{FAE04EC0-301F-11D3-BF4B-00C04F79EFBC}") = "Adega", "Adega.csproj", "{F7E0B8C2-D566-4C7E-9547-E0315D295C17}"
EndProject
Global
	GlobalSection(SolutionConfigurationPlatforms) = preSolution
		Debug|Any CPU = Debug|Any CPU
		Release|Any CPU = Release|Any CPU
	EndGlobalSection
	GlobalSection(ProjectConfigurationPlatforms) = postSolution
		{F7E0B8C2-D566-4C7E-9547-E0315D295C17}.Debug|Any CPU.ActiveCfg = Debug|Any CPU
		{F7E0B8C2-D566-4C7E-9547-E0315D295C17}.Debug|Any CPU.Build.0 = Debug|Any CPU
		{F7E0B8C2-D566-4C7E-9547-E0315D295C17}.Release|Any CPU.ActiveCfg = Release|Any CPU
		{F7E0B8C2-D566-4C7E-9547-E0315D295C17}.Release|Any CPU.Build.0 = Release|Any CPU
	EndGlobalSection
	GlobalSection(SolutionProperties) = preSolution
		HideSolutionNode = FALSE
	EndGlobalSection
	GlobalSection(ExtensibilityGlobals) = postSolution
		SolutionGuid = {0E3299EB-BCF0-4991-8B60-2B3EEF3A32BD}
	EndGlobalSection
EndGlobal
